// !$*UTF8*$!
{
	archiveVersion = 1;
	classes = {
	};
	objectVersion = 50;
	objects = {

/* Begin PBXBuildFile section */
		18225D4424310CA300D19671 /* InfoViewController.swift in Sources */ = {isa = PBXBuildFile; fileRef = 18225D4324310CA300D19671 /* InfoViewController.swift */; };
		184B3CD0242E24DA00F4AC8C /* NetworkingHelper.swift in Sources */ = {isa = PBXBuildFile; fileRef = 184B3CCF242E24DA00F4AC8C /* NetworkingHelper.swift */; };
		184B3CD3242E252C00F4AC8C /* FetchedData.swift in Sources */ = {isa = PBXBuildFile; fileRef = 184B3CD2242E252C00F4AC8C /* FetchedData.swift */; };
		18911787242BA65B00C5DD62 /* AppDelegate.swift in Sources */ = {isa = PBXBuildFile; fileRef = 18911786242BA65B00C5DD62 /* AppDelegate.swift */; };
		18911789242BA65B00C5DD62 /* SceneDelegate.swift in Sources */ = {isa = PBXBuildFile; fileRef = 18911788242BA65B00C5DD62 /* SceneDelegate.swift */; };
		1891178B242BA65B00C5DD62 /* MainViewController.swift in Sources */ = {isa = PBXBuildFile; fileRef = 1891178A242BA65B00C5DD62 /* MainViewController.swift */; };
		1891178E242BA65B00C5DD62 /* Main.storyboard in Resources */ = {isa = PBXBuildFile; fileRef = 1891178C242BA65B00C5DD62 /* Main.storyboard */; };
		18911790242BA65C00C5DD62 /* Assets.xcassets in Resources */ = {isa = PBXBuildFile; fileRef = 1891178F242BA65C00C5DD62 /* Assets.xcassets */; };
		18911793242BA65C00C5DD62 /* LaunchScreen.storyboard in Resources */ = {isa = PBXBuildFile; fileRef = 18911791242BA65C00C5DD62 /* LaunchScreen.storyboard */; };
		189DA9F42496C07700AFAEB8 /* WebViewController.swift in Sources */ = {isa = PBXBuildFile; fileRef = 189DA9F32496C07700AFAEB8 /* WebViewController.swift */; };
		18FA14B82647F2AC00AD7810 /* StoredData.swift in Sources */ = {isa = PBXBuildFile; fileRef = 18FA14B72647F2AC00AD7810 /* StoredData.swift */; };
/* End PBXBuildFile section */

/* Begin PBXFileReference section */
		18225D4324310CA300D19671 /* InfoViewController.swift */ = {isa = PBXFileReference; lastKnownFileType = sourcecode.swift; path = InfoViewController.swift; sourceTree = "<group>"; };
		184B3CCF242E24DA00F4AC8C /* NetworkingHelper.swift */ = {isa = PBXFileReference; lastKnownFileType = sourcecode.swift; path = NetworkingHelper.swift; sourceTree = "<group>"; };
		184B3CD2242E252C00F4AC8C /* FetchedData.swift */ = {isa = PBXFileReference; lastKnownFileType = sourcecode.swift; path = FetchedData.swift; sourceTree = "<group>"; };
		18911783242BA65B00C5DD62 /* Bitcoin Rate.app */ = {isa = PBXFileReference; explicitFileType = wrapper.application; includeInIndex = 0; path = "Bitcoin Rate.app"; sourceTree = BUILT_PRODUCTS_DIR; };
		18911786242BA65B00C5DD62 /* AppDelegate.swift */ = {isa = PBXFileReference; lastKnownFileType = sourcecode.swift; path = AppDelegate.swift; sourceTree = "<group>"; };
		18911788242BA65B00C5DD62 /* SceneDelegate.swift */ = {isa = PBXFileReference; lastKnownFileType = sourcecode.swift; path = SceneDelegate.swift; sourceTree = "<group>"; };
		1891178A242BA65B00C5DD62 /* MainViewController.swift */ = {isa = PBXFileReference; lastKnownFileType = sourcecode.swift; path = MainViewController.swift; sourceTree = "<group>"; };
		1891178D242BA65B00C5DD62 /* Base */ = {isa = PBXFileReference; lastKnownFileType = file.storyboard; name = Base; path = Base.lproj/Main.storyboard; sourceTree = "<group>"; };
		1891178F242BA65C00C5DD62 /* Assets.xcassets */ = {isa = PBXFileReference; lastKnownFileType = folder.assetcatalog; path = Assets.xcassets; sourceTree = "<group>"; };
		18911792242BA65C00C5DD62 /* Base */ = {isa = PBXFileReference; lastKnownFileType = file.storyboard; name = Base; path = Base.lproj/LaunchScreen.storyboard; sourceTree = "<group>"; };
		18911794242BA65C00C5DD62 /* Info.plist */ = {isa = PBXFileReference; lastKnownFileType = text.plist.xml; path = Info.plist; sourceTree = "<group>"; };
		189DA9F32496C07700AFAEB8 /* WebViewController.swift */ = {isa = PBXFileReference; lastKnownFileType = sourcecode.swift; path = WebViewController.swift; sourceTree = "<group>"; };
		18FA14B72647F2AC00AD7810 /* StoredData.swift */ = {isa = PBXFileReference; lastKnownFileType = sourcecode.swift; path = StoredData.swift; sourceTree = "<group>"; };
/* End PBXFileReference section */

/* Begin PBXFrameworksBuildPhase section */
		18911780242BA65B00C5DD62 /* Frameworks */ = {
			isa = PBXFrameworksBuildPhase;
			buildActionMask = 2147483647;
			files = (
			);
			runOnlyForDeploymentPostprocessing = 0;
		};
/* End PBXFrameworksBuildPhase section */

/* Begin PBXGroup section */
		184B3CCD242E24AB00F4AC8C /* View */ = {
			isa = PBXGroup;
			children = (
				1891178C242BA65B00C5DD62 /* Main.storyboard */,
			);
			path = View;
			sourceTree = "<group>";
		};
		184B3CCE242E24B600F4AC8C /* Controller */ = {
			isa = PBXGroup;
			children = (
				1891178A242BA65B00C5DD62 /* MainViewController.swift */,
				18225D4324310CA300D19671 /* InfoViewController.swift */,
				189DA9F32496C07700AFAEB8 /* WebViewController.swift */,
			);
			path = Controller;
			sourceTree = "<group>";
		};
		184B3CD1242E24E100F4AC8C /* Model */ = {
			isa = PBXGroup;
			children = (
				184B3CCF242E24DA00F4AC8C /* NetworkingHelper.swift */,
				184B3CD2242E252C00F4AC8C /* FetchedData.swift */,
				18FA14B72647F2AC00AD7810 /* StoredData.swift */,
			);
			path = Model;
			sourceTree = "<group>";
		};
		1891177A242BA65B00C5DD62 = {
			isa = PBXGroup;
			children = (
				18911785242BA65B00C5DD62 /* Bitcoin Rate */,
				18911784242BA65B00C5DD62 /* Products */,
			);
			sourceTree = "<group>";
		};
		18911784242BA65B00C5DD62 /* Products */ = {
			isa = PBXGroup;
			children = (
				18911783242BA65B00C5DD62 /* Bitcoin Rate.app */,
			);
			name = Products;
			sourceTree = "<group>";
		};
		18911785242BA65B00C5DD62 /* Bitcoin Rate */ = {
			isa = PBXGroup;
			children = (
				18911786242BA65B00C5DD62 /* AppDelegate.swift */,
				18911788242BA65B00C5DD62 /* SceneDelegate.swift */,
				184B3CD1242E24E100F4AC8C /* Model */,
				184B3CCE242E24B600F4AC8C /* Controller */,
				184B3CCD242E24AB00F4AC8C /* View */,
				1891178F242BA65C00C5DD62 /* Assets.xcassets */,
				18911791242BA65C00C5DD62 /* LaunchScreen.storyboard */,
				18911794242BA65C00C5DD62 /* Info.plist */,
			);
			path = "Bitcoin Rate";
			sourceTree = "<group>";
		};
/* End PBXGroup section */

/* Begin PBXNativeTarget section */
		18911782242BA65B00C5DD62 /* Bitcoin Rate */ = {
			isa = PBXNativeTarget;
			buildConfigurationList = 18911797242BA65C00C5DD62 /* Build configuration list for PBXNativeTarget "Bitcoin Rate" */;
			buildPhases = (
				1891177F242BA65B00C5DD62 /* Sources */,
				18911780242BA65B00C5DD62 /* Frameworks */,
				18911781242BA65B00C5DD62 /* Resources */,
			);
			buildRules = (
			);
			dependencies = (
			);
			name = "Bitcoin Rate";
			productName = "Bitcoin Rate";
			productReference = 18911783242BA65B00C5DD62 /* Bitcoin Rate.app */;
			productType = "com.apple.product-type.application";
		};
/* End PBXNativeTarget section */

/* Begin PBXProject section */
		1891177B242BA65B00C5DD62 /* Project object */ = {
			isa = PBXProject;
			attributes = {
				LastSwiftUpdateCheck = 1130;
				LastUpgradeCheck = 1130;
				ORGANIZATIONNAME = ForZa;
				TargetAttributes = {
					18911782242BA65B00C5DD62 = {
						CreatedOnToolsVersion = 11.3.1;
					};
				};
			};
			buildConfigurationList = 1891177E242BA65B00C5DD62 /* Build configuration list for PBXProject "Bitcoin Rate" */;
			compatibilityVersion = "Xcode 9.3";
			developmentRegion = en;
			hasScannedForEncodings = 0;
			knownRegions = (
				en,
				Base,
			);
			mainGroup = 1891177A242BA65B00C5DD62;
			productRefGroup = 18911784242BA65B00C5DD62 /* Products */;
			projectDirPath = "";
			projectRoot = "";
			targets = (
				18911782242BA65B00C5DD62 /* Bitcoin Rate */,
			);
		};
/* End PBXProject section */

/* Begin PBXResourcesBuildPhase section */
		18911781242BA65B00C5DD62 /* Resources */ = {
			isa = PBXResourcesBuildPhase;
			buildActionMask = 2147483647;
			files = (
				18911793242BA65C00C5DD62 /* LaunchScreen.storyboard in Resources */,
				18911790242BA65C00C5DD62 /* Assets.xcassets in Resources */,
				1891178E242BA65B00C5DD62 /* Main.storyboard in Resources */,
			);
			runOnlyForDeploymentPostprocessing = 0;
		};
/* End PBXResourcesBuildPhase section */

/* Begin PBXSourcesBuildPhase section */
		1891177F242BA65B00C5DD62 /* Sources */ = {
			isa = PBXSourcesBuildPhase;
			buildActionMask = 2147483647;
			files = (
				1891178B242BA65B00C5DD62 /* MainViewController.swift in Sources */,
				18911787242BA65B00C5DD62 /* AppDelegate.swift in Sources */,
				184B3CD0242E24DA00F4AC8C /* NetworkingHelper.swift in Sources */,
				18FA14B82647F2AC00AD7810 /* StoredData.swift in Sources */,
				18911789242BA65B00C5DD62 /* SceneDelegate.swift in Sources */,
				189DA9F42496C07700AFAEB8 /* WebViewController.swift in Sources */,
				18225D4424310CA300D19671 /* InfoViewController.swift in Sources */,
				184B3CD3242E252C00F4AC8C /* FetchedData.swift in Sources */,
			);
			runOnlyForDeploymentPostprocessing = 0;
		};
/* End PBXSourcesBuildPhase section */

/* Begin PBXVariantGroup section */
		1891178C242BA65B00C5DD62 /* Main.storyboard */ = {
			isa = PBXVariantGroup;
			children = (
				1891178D242BA65B00C5DD62 /* Base */,
			);
			name = Main.storyboard;
			sourceTree = "<group>";
		};
		18911791242BA65C00C5DD62 /* LaunchScreen.storyboard */ = {
			isa = PBXVariantGroup;
			children = (
				18911792242BA65C00C5DD62 /* Base */,
			);
			name = LaunchScreen.storyboard;
			sourceTree = "<group>";
		};
/* End PBXVariantGroup section */

/* Begin XCBuildConfiguration section */
		18911795242BA65C00C5DD62 /* Debug */ = {
			isa = XCBuildConfiguration;
			buildSettings = {
				ALWAYS_SEARCH_USER_PATHS = NO;
				CLANG_ANALYZER_NONNULL = YES;
				CLANG_ANALYZER_NUMBER_OBJECT_CONVERSION = YES_AGGRESSIVE;
				CLANG_CXX_LANGUAGE_STANDARD = "gnu++14";
				CLANG_CXX_LIBRARY = "libc++";
				CLANG_ENABLE_MODULES = YES;
				CLANG_ENABLE_OBJC_ARC = YES;
				CLANG_ENABLE_OBJC_WEAK = YES;
				CLANG_WARN_BLOCK_CAPTURE_AUTORELEASING = YES;
				CLANG_WARN_BOOL_CONVERSION = YES;
				CLANG_WARN_COMMA = YES;
				CLANG_WARN_CONSTANT_CONVERSION = YES;
				CLANG_WARN_DEPRECATED_OBJC_IMPLEMENTATIONS = YES;
				CLANG_WARN_DIRECT_OBJC_ISA_USAGE = YES_ERROR;
				CLANG_WARN_DOCUMENTATION_COMMENTS = YES;
				CLANG_WARN_EMPTY_BODY = YES;
				CLANG_WARN_ENUM_CONVERSION = YES;
				CLANG_WARN_INFINITE_RECURSION = YES;
				CLANG_WARN_INT_CONVERSION = YES;
				CLANG_WARN_NON_LITERAL_NULL_CONVERSION = YES;
				CLANG_WARN_OBJC_IMPLICIT_RETAIN_SELF = YES;
				CLANG_WARN_OBJC_LITERAL_CONVERSION = YES;
				CLANG_WARN_OBJC_ROOT_CLASS = YES_ERROR;
				CLANG_WARN_RANGE_LOOP_ANALYSIS = YES;
				CLANG_WARN_STRICT_PROTOTYPES = YES;
				CLANG_WARN_SUSPICIOUS_MOVE = YES;
				CLANG_WARN_UNGUARDED_AVAILABILITY = YES_AGGRESSIVE;
				CLANG_WARN_UNREACHABLE_CODE = YES;
				CLANG_WARN__DUPLICATE_METHOD_MATCH = YES;
				COPY_PHASE_STRIP = NO;
				DEBUG_INFORMATION_FORMAT = dwarf;
				ENABLE_STRICT_OBJC_MSGSEND = YES;
				ENABLE_TESTABILITY = YES;
				GCC_C_LANGUAGE_STANDARD = gnu11;
				GCC_DYNAMIC_NO_PIC = NO;
				GCC_NO_COMMON_BLOCKS = YES;
				GCC_OPTIMIZATION_LEVEL = 0;
				GCC_PREPROCESSOR_DEFINITIONS = (
					"DEBUG=1",
					"$(inherited)",
				);
				GCC_WARN_64_TO_32_BIT_CONVERSION = YES;
				GCC_WARN_ABOUT_RETURN_TYPE = YES_ERROR;
				GCC_WARN_UNDECLARED_SELECTOR = YES;
				GCC_WARN_UNINITIALIZED_AUTOS = YES_AGGRESSIVE;
				GCC_WARN_UNUSED_FUNCTION = YES;
				GCC_WARN_UNUSED_VARIABLE = YES;
				IPHONEOS_DEPLOYMENT_TARGET = 13.2;
				MTL_ENABLE_DEBUG_INFO = INCLUDE_SOURCE;
				MTL_FAST_MATH = YES;
				ONLY_ACTIVE_ARCH = YES;
				SDKROOT = iphoneos;
				SWIFT_ACTIVE_COMPILATION_CONDITIONS = DEBUG;
				SWIFT_OPTIMIZATION_LEVEL = "-Onone";
			};
			name = Debug;
		};
		18911796242BA65C00C5DD62 /* Release */ = {
			isa = XCBuildConfiguration;
			buildSettings = {
				ALWAYS_SEARCH_USER_PATHS = NO;
				CLANG_ANALYZER_NONNULL = YES;
				CLANG_ANALYZER_NUMBER_OBJECT_CONVERSION = YES_AGGRESSIVE;
				CLANG_CXX_LANGUAGE_STANDARD = "gnu++14";
				CLANG_CXX_LIBRARY = "libc++";
				CLANG_ENABLE_MODULES = YES;
				CLANG_ENABLE_OBJC_ARC = YES;
				CLANG_ENABLE_OBJC_WEAK = YES;
				CLANG_WARN_BLOCK_CAPTURE_AUTORELEASING = YES;
				CLANG_WARN_BOOL_CONVERSION = YES;
				CLANG_WARN_COMMA = YES;
				CLANG_WARN_CONSTANT_CONVERSION = YES;
				CLANG_WARN_DEPRECATED_OBJC_IMPLEMENTATIONS = YES;
				CLANG_WARN_DIRECT_OBJC_ISA_USAGE = YES_ERROR;
				CLANG_WARN_DOCUMENTATION_COMMENTS = YES;
				CLANG_WARN_EMPTY_BODY = YES;
				CLANG_WARN_ENUM_CONVERSION = YES;
				CLANG_WARN_INFINITE_RECURSION = YES;
				CLANG_WARN_INT_CONVERSION = YES;
				CLANG_WARN_NON_LITERAL_NULL_CONVERSION = YES;
				CLANG_WARN_OBJC_IMPLICIT_RETAIN_SELF = YES;
				CLANG_WARN_OBJC_LITERAL_CONVERSION = YES;
				CLANG_WARN_OBJC_ROOT_CLASS = YES_ERROR;
				CLANG_WARN_RANGE_LOOP_ANALYSIS = YES;
				CLANG_WARN_STRICT_PROTOTYPES = YES;
				CLANG_WARN_SUSPICIOUS_MOVE = YES;
				CLANG_WARN_UNGUARDED_AVAILABILITY = YES_AGGRESSIVE;
				CLANG_WARN_UNREACHABLE_CODE = YES;
				CLANG_WARN__DUPLICATE_METHOD_MATCH = YES;
				COPY_PHASE_STRIP = NO;
				DEBUG_INFORMATION_FORMAT = "dwarf-with-dsym";
				ENABLE_NS_ASSERTIONS = NO;
				ENABLE_STRICT_OBJC_MSGSEND = YES;
				GCC_C_LANGUAGE_STANDARD = gnu11;
				GCC_NO_COMMON_BLOCKS = YES;
				GCC_WARN_64_TO_32_BIT_CONVERSION = YES;
				GCC_WARN_ABOUT_RETURN_TYPE = YES_ERROR;
				GCC_WARN_UNDECLARED_SELECTOR = YES;
				GCC_WARN_UNINITIALIZED_AUTOS = YES_AGGRESSIVE;
				GCC_WARN_UNUSED_FUNCTION = YES;
				GCC_WARN_UNUSED_VARIABLE = YES;
				IPHONEOS_DEPLOYMENT_TARGET = 13.2;
				MTL_ENABLE_DEBUG_INFO = NO;
				MTL_FAST_MATH = YES;
				SDKROOT = iphoneos;
				SWIFT_COMPILATION_MODE = wholemodule;
				SWIFT_OPTIMIZATION_LEVEL = "-O";
				VALIDATE_PRODUCT = YES;
			};
			name = Release;
		};
		18911798242BA65C00C5DD62 /* Debug */ = {
			isa = XCBuildConfiguration;
			buildSettings = {
				ASSETCATALOG_COMPILER_APPICON_NAME = AppIcon;
				CODE_SIGN_STYLE = Automatic;
				DEVELOPMENT_TEAM = ZGUJCQ49J2;
				INFOPLIST_FILE = "Bitcoin Rate/Info.plist";
				LD_RUNPATH_SEARCH_PATHS = (
					"$(inherited)",
					"@executable_path/Frameworks",
				);
				PRODUCT_BUNDLE_IDENTIFIER = "samcc.Bitcoin-Rate";
				PRODUCT_NAME = "$(TARGET_NAME)";
				SWIFT_VERSION = 5.0;
				TARGETED_DEVICE_FAMILY = "1,2";
			};
			name = Debug;
		};
		18911799242BA65C00C5DD62 /* Release */ = {
			isa = XCBuildConfiguration;
			buildSettings = {
				ASSETCATALOG_COMPILER_APPICON_NAME = AppIcon;
				CODE_SIGN_STYLE = Automatic;
				DEVELOPMENT_TEAM = ZGUJCQ49J2;
				INFOPLIST_FILE = "Bitcoin Rate/Info.plist";
				LD_RUNPATH_SEARCH_PATHS = (
					"$(inherited)",
					"@executable_path/Frameworks",
				);
				PRODUCT_BUNDLE_IDENTIFIER = "samcc.Bitcoin-Rate";
				PRODUCT_NAME = "$(TARGET_NAME)";
				SWIFT_VERSION = 5.0;
				TARGETED_DEVICE_FAMILY = "1,2";
			};
			name = Release;
		};
/* End XCBuildConfiguration section */

/* Begin XCConfigurationList section */
		1891177E242BA65B00C5DD62 /* Build configuration list for PBXProject "Bitcoin Rate" */ = {
			isa = XCConfigurationList;
			buildConfigurations = (
				18911795242BA65C00C5DD62 /* Debug */,
				18911796242BA65C00C5DD62 /* Release */,
			);
			defaultConfigurationIsVisible = 0;
			defaultConfigurationName = Release;
		};
		18911797242BA65C00C5DD62 /* Build configuration list for PBXNativeTarget "Bitcoin Rate" */ = {
			isa = XCConfigurationList;
			buildConfigurations = (
				18911798242BA65C00C5DD62 /* Debug */,
				18911799242BA65C00C5DD62 /* Release */,
			);
			defaultConfigurationIsVisible = 0;
			defaultConfigurationName = Release;
		};
/* End XCConfigurationList section */
	};
	rootObject = 1891177B242BA65B00C5DD62 /* Project object */;
}
